
Microsoft Visual Studio Solution File, Format Version 12.00
# Visual Studio 15
Project("{FAE04EC0-301F-11D3-BF4B-00C04F79EFBC}") = "Assembly-CSharp", "Assembly-CSharp.csproj", "{3412C940-F1FA-78EF-05A0-2114F08481B6}"
EndProject
Project("{FAE04EC0-301F-11D3-BF4B-00C04F79EFBC}") = "Assembly-CSharp-Editor", "Assembly-CSharp-Editor.csproj", "{BE43E4F2-BCFE-6E55-216D-AE6C844F6BC1}"
EndProject
Global
	GlobalSection(SolutionConfigurationPlatforms) = preSolution
		Debug|Any CPU = Debug|Any CPU
		Release|Any CPU = Release|Any CPU
	EndGlobalSection
	GlobalSection(ProjectConfigurationPlatforms) = postSolution
		{3412C940-F1FA-78EF-05A0-2114F08481B6}.Debug|Any CPU.ActiveCfg = Debug|Any CPU
		{3412C940-F1FA-78EF-05A0-2114F08481B6}.Debug|Any CPU.Build.0 = Debug|Any CPU
		{3412C940-F1FA-78EF-05A0-2114F08481B6}.Release|Any CPU.ActiveCfg = Release|Any CPU
		{3412C940-F1FA-78EF-05A0-2114F08481B6}.Release|Any CPU.Build.0 = Release|Any CPU
		{BE43E4F2-BCFE-6E55-216D-AE6C844F6BC1}.Debug|Any CPU.ActiveCfg = Debug|Any CPU
		{BE43E4F2-BCFE-6E55-216D-AE6C844F6BC1}.Debug|Any CPU.Build.0 = Debug|Any CPU
		{BE43E4F2-BCFE-6E55-216D-AE6C844F6BC1}.Release|Any CPU.ActiveCfg = Release|Any CPU
		{BE43E4F2-BCFE-6E55-216D-AE6C844F6BC1}.Release|Any CPU.Build.0 = Release|Any CPU
	EndGlobalSection
	GlobalSection(SolutionProperties) = preSolution
		HideSolutionNode = FALSE
	EndGlobalSection
EndGlobal
